<?xml version="1.0" encoding="UTF-8" standalone="yes" ?>
<CodeBlocks_project_file>
	<FileVersion major="1" minor="6" />
	<Project>
		<Option title="MP_P2_3L_G30" />
		<Option pch_mode="2" />
		<Option compiler="gcc" />
		<Build>
			<Target title="Debug">
				<Option output="bin/Debug/MP_P2_3L_G30" prefix_auto="1" extension_auto="1" />
				<Option object_output="obj/Debug/" />
				<Option type="1" />
				<Option compiler="gcc" />
				<Compiler>
					<Add option="-g" />
				</Compiler>
			</Target>
			<Target title="Release">
				<Option output="bin/Release/MP_P2_3L_G30" prefix_auto="1" extension_auto="1" />
				<Option object_output="obj/Release/" />
				<Option type="1" />
				<Option compiler="gcc" />
				<Compiler>
					<Add option="-O2" />
				</Compiler>
				<Linker>
					<Add option="-s" />
				</Linker>
			</Target>
		</Build>
		<Compiler>
			<Add option="-Wall" />
		</Compiler>
		<Unit filename="gestionClientes.c">
			<Option compilerVar="CC" />
		</Unit>
		<Unit filename="gestionClientes.h" />
		<Unit filename="gestionHabitaciones.c">
			<Option compilerVar="CC" />
		</Unit>
		<Unit filename="gestionHabitaciones.h" />
		<Unit filename="gestionReservas.c">
			<Option compilerVar="CC" />
		</Unit>
		<Unit filename="gestionReservas.h" />
		<Unit filename="informesEconomicos.c">
			<Option compilerVar="CC" />
		</Unit>
		<Unit filename="informesEconomicos.h" />
		<Unit filename="main.c">
			<Option compilerVar="CC" />
		</Unit>
		<Unit filename="main.h" />
		<Extensions>
			<lib_finder disable_auto="1" />
		</Extensions>
	</Project>
</CodeBlocks_project_file>
